{
  "version": 4,
  "terraform_version": "1.6.6",
  "serial": 40,
  "lineage": "452b35ad-1890-30ac-8c69-9891e795af8e",
  "outputs": {},
  "resources": [
    {
      "mode": "data",
      "type": "aws_caller_identity",
      "name": "current",
      "provider": "provider[\"registry.terraform.io/hashicorp/aws\"]",
      "instances": [
        {
          "schema_version": 0,
          "attributes": {
            "account_id": "767397913254",
            "arn": "arn:aws:iam::767397913254:user/Jovan",
            "id": "767397913254",
            "user_id": "AIDA3FLD24KTFSZKNAAUW"
          },
          "sensitive_attributes": []
        }
      ]
    },
    {
      "mode": "data",
      "type": "aws_iam_policy_document",
      "name": "cloudwatch_create",
      "provider": "provider[\"registry.terraform.io/hashicorp/aws\"]",
      "instances": [
        {
          "schema_version": 0,
          "attributes": {
            "id": "2846529829",
            "json": "{\n  \"Version\": \"2012-10-17\",\n  \"Statement\": [\n    {\n      \"Effect\": \"Allow\",\n      \"Action\": \"logs:CreateLogGroup\",\n      \"Resource\": \"arn:aws:logs:eu-west-2:767397913254:*\"\n    },\n    {\n      \"Effect\": \"Allow\",\n      \"Action\": [\n        \"logs:PutLogEvents\",\n        \"logs:CreateLogStream\"\n      ],\n      \"Resource\": \"arn:aws:logs:eu-west-2:767397913254:log-group:/aws/lambda/process_lambda:*\"\n    }\n  ]\n}",
            "override_policy_documents": null,
            "policy_id": null,
            "source_policy_documents": null,
            "statement": [
              {
                "actions": [
                  "logs:CreateLogGroup"
                ],
                "condition": [],
                "effect": "Allow",
                "not_actions": [],
                "not_principals": [],
                "not_resources": [],
                "principals": [],
                "resources": [
                  "arn:aws:logs:eu-west-2:767397913254:*"
                ],
                "sid": ""
              },
              {
                "actions": [
                  "logs:CreateLogStream",
                  "logs:PutLogEvents"
                ],
                "condition": [],
                "effect": "Allow",
                "not_actions": [],
                "not_principals": [],
                "not_resources": [],
                "principals": [],
                "resources": [
                  "arn:aws:logs:eu-west-2:767397913254:log-group:/aws/lambda/process_lambda:*"
                ],
                "sid": ""
              }
            ],
            "version": "2012-10-17"
          },
          "sensitive_attributes": []
        }
      ]
    },
    {
      "mode": "data",
      "type": "aws_iam_policy_document",
      "name": "s3_document_put",
      "provider": "provider[\"registry.terraform.io/hashicorp/aws\"]",
      "instances": [
        {
          "schema_version": 0,
          "attributes": {
            "id": "2318401997",
            "json": "{\n  \"Version\": \"2012-10-17\",\n  \"Statement\": [\n    {\n      \"Effect\": \"Allow\",\n      \"Action\": [\n        \"s3:PutObjectAcl\",\n        \"s3:PutObject\"\n      ],\n      \"Resource\": \"arn:aws:s3:::processed-bucket-20240221121022326600000005/*\"\n    }\n  ]\n}",
            "override_policy_documents": null,
            "policy_id": null,
            "source_policy_documents": null,
            "statement": [
              {
                "actions": [
                  "s3:PutObject",
                  "s3:PutObjectAcl"
                ],
                "condition": [],
                "effect": "Allow",
                "not_actions": [],
                "not_principals": [],
                "not_resources": [],
                "principals": [],
                "resources": [
                  "arn:aws:s3:::processed-bucket-20240221121022326600000005/*"
                ],
                "sid": ""
              }
            ],
            "version": "2012-10-17"
          },
          "sensitive_attributes": []
        }
      ]
    },
    {
      "mode": "data",
      "type": "aws_iam_policy_document",
      "name": "s3_get_document",
      "provider": "provider[\"registry.terraform.io/hashicorp/aws\"]",
      "instances": [
        {
          "schema_version": 0,
          "attributes": {
            "id": "2720438619",
            "json": "{\n  \"Version\": \"2012-10-17\",\n  \"Statement\": [\n    {\n      \"Effect\": \"Allow\",\n      \"Action\": \"s3:GetObject\",\n      \"Resource\": \"arn:aws:s3:::processed-bucket-20240221121022326600000005/*\"\n    }\n  ]\n}",
            "override_policy_documents": null,
            "policy_id": null,
            "source_policy_documents": null,
            "statement": [
              {
                "actions": [
                  "s3:GetObject"
                ],
                "condition": [],
                "effect": "Allow",
                "not_actions": [],
                "not_principals": [],
                "not_resources": [],
                "principals": [],
                "resources": [
                  "arn:aws:s3:::processed-bucket-20240221121022326600000005/*"
                ],
                "sid": ""
              }
            ],
            "version": "2012-10-17"
          },
          "sensitive_attributes": []
        }
      ]
    },
    {
      "mode": "data",
      "type": "aws_iam_policy_document",
      "name": "secretmanager_get_secret_policy",
      "provider": "provider[\"registry.terraform.io/hashicorp/aws\"]",
      "instances": [
        {
          "schema_version": 0,
          "attributes": {
            "id": "3524520192",
            "json": "{\n  \"Version\": \"2012-10-17\",\n  \"Statement\": [\n    {\n      \"Effect\": \"Allow\",\n      \"Action\": \"secretsmanager:GetSecretValue\",\n      \"Resource\": [\n        \"arn:aws:secretsmanager:eu-west-2:767397913254:secret:processed_bucket2-hgPU4M\",\n        \"arn:aws:secretsmanager:eu-west-2:767397913254:secret:database_creds_test-3hAvo8\"\n      ]\n    }\n  ]\n}",
            "override_policy_documents": null,
            "policy_id": null,
            "source_policy_documents": null,
            "statement": [
              {
                "actions": [
                  "secretsmanager:GetSecretValue"
                ],
                "condition": [],
                "effect": "Allow",
                "not_actions": [],
                "not_principals": [],
                "not_resources": [],
                "principals": [],
                "resources": [
                  "arn:aws:secretsmanager:eu-west-2:767397913254:secret:database_creds_test-3hAvo8",
                  "arn:aws:secretsmanager:eu-west-2:767397913254:secret:processed_bucket2-hgPU4M"
                ],
                "sid": ""
              }
            ],
            "version": "2012-10-17"
          },
          "sensitive_attributes": []
        }
      ]
    },
    {
      "mode": "data",
      "type": "aws_region",
      "name": "current",
      "provider": "provider[\"registry.terraform.io/hashicorp/aws\"]",
      "instances": [
        {
          "schema_version": 0,
          "attributes": {
            "description": "Europe (London)",
            "endpoint": "ec2.eu-west-2.amazonaws.com",
            "id": "eu-west-2",
            "name": "eu-west-2"
          },
          "sensitive_attributes": []
        }
      ]
    },
    {
      "mode": "data",
      "type": "aws_s3_bucket",
      "name": "ingested_bucket",
      "provider": "provider[\"registry.terraform.io/hashicorp/aws\"]",
      "instances": [
        {
          "schema_version": 0,
          "attributes": {
            "arn": "arn:aws:s3:::ingested-bucket-20240220192448927000000006",
            "bucket": "ingested-bucket-20240220192448927000000006",
            "bucket_domain_name": "ingested-bucket-20240220192448927000000006.s3.amazonaws.com",
            "bucket_regional_domain_name": "ingested-bucket-20240220192448927000000006.s3.eu-west-2.amazonaws.com",
            "hosted_zone_id": "Z3GKZC51ZF0DB4",
            "id": "ingested-bucket-20240220192448927000000006",
            "region": "eu-west-2",
            "website_domain": null,
            "website_endpoint": null
          },
          "sensitive_attributes": []
        }
      ]
    },
    {
      "mode": "managed",
      "type": "aws_cloudwatch_log_metric_filter",
      "name": "tran_error_alarm",
      "provider": "provider[\"registry.terraform.io/hashicorp/aws\"]",
      "instances": [
        {
          "schema_version": 0,
          "attributes": {
            "id": "tran_client_error_metric",
            "log_group_name": "/aws/lambda/process_lambda",
            "metric_transformation": [
              {
                "default_value": "",
                "dimensions": {},
                "name": "ClientErrorCount",
                "namespace": "errors",
                "unit": "None",
                "value": "1"
              }
            ],
            "name": "tran_client_error_metric",
            "pattern": "ClientError"
          },
          "sensitive_attributes": [],
          "private": "bnVsbA=="
        }
      ]
    },
    {
      "mode": "managed",
      "type": "aws_cloudwatch_log_metric_filter",
      "name": "tran_key_error_alarm",
      "provider": "provider[\"registry.terraform.io/hashicorp/aws\"]",
      "instances": [
        {
          "schema_version": 0,
          "attributes": {
            "id": "tran_key_error_metric",
            "log_group_name": "/aws/lambda/process_lambda",
            "metric_transformation": [
              {
                "default_value": "",
                "dimensions": {},
                "name": "KeyErrorCount",
                "namespace": "errors",
                "unit": "None",
                "value": "1"
              }
            ],
            "name": "tran_key_error_metric",
            "pattern": "KeyError"
          },
          "sensitive_attributes": [],
          "private": "bnVsbA=="
        }
      ]
    },
    {
      "mode": "managed",
      "type": "aws_cloudwatch_metric_alarm",
      "name": "client_error_alerts",
      "provider": "provider[\"registry.terraform.io/hashicorp/aws\"]",
      "instances": [
        {
          "schema_version": 1,
          "attributes": {
            "actions_enabled": true,
            "alarm_actions": [
              "arn:aws:sns:eu-west-2:767397913254:error-alerts"
            ],
            "alarm_description": "This metric monitors any client errors in the processed lambda handler",
            "alarm_name": "tran_client_error_metric",
            "arn": "arn:aws:cloudwatch:eu-west-2:767397913254:alarm:tran_client_error_metric",
            "comparison_operator": "GreaterThanOrEqualToThreshold",
            "datapoints_to_alarm": 0,
            "dimensions": {},
            "evaluate_low_sample_count_percentiles": "",
            "evaluation_periods": 1,
            "extended_statistic": "",
            "id": "tran_client_error_metric",
            "insufficient_data_actions": [],
            "metric_name": "ClientErrorCount",
            "metric_query": [],
            "namespace": "errors",
            "ok_actions": [],
            "period": 60,
            "statistic": "Sum",
            "tags": {},
            "tags_all": {},
            "threshold": 1,
            "threshold_metric_id": "",
            "treat_missing_data": "missing",
            "unit": ""
          },
          "sensitive_attributes": [],
          "private": "eyJzY2hlbWFfdmVyc2lvbiI6IjEifQ==",
          "dependencies": [
            "aws_cloudwatch_log_metric_filter.tran_error_alarm"
          ]
        }
      ]
    },
    {
      "mode": "managed",
      "type": "aws_cloudwatch_metric_alarm",
      "name": "key_error_alerts",
      "provider": "provider[\"registry.terraform.io/hashicorp/aws\"]",
      "instances": [
        {
          "schema_version": 1,
          "attributes": {
            "actions_enabled": true,
            "alarm_actions": [
              "arn:aws:sns:eu-west-2:767397913254:error-alerts"
            ],
            "alarm_description": "This metric monitors any key errors in the process lambda handler",
            "alarm_name": "tran_key_error_alarm",
            "arn": "arn:aws:cloudwatch:eu-west-2:767397913254:alarm:tran_key_error_alarm",
            "comparison_operator": "GreaterThanOrEqualToThreshold",
            "datapoints_to_alarm": 0,
            "dimensions": {},
            "evaluate_low_sample_count_percentiles": "",
            "evaluation_periods": 1,
            "extended_statistic": "",
            "id": "tran_key_error_alarm",
            "insufficient_data_actions": [],
            "metric_name": "KeyErrorCount",
            "metric_query": [],
            "namespace": "errors",
            "ok_actions": [],
            "period": 60,
            "statistic": "Sum",
            "tags": {},
            "tags_all": {},
            "threshold": 1,
            "threshold_metric_id": "",
            "treat_missing_data": "missing",
            "unit": ""
          },
          "sensitive_attributes": [],
          "private": "eyJzY2hlbWFfdmVyc2lvbiI6IjEifQ==",
          "dependencies": [
            "aws_cloudwatch_log_metric_filter.tran_key_error_alarm"
          ]
        }
      ]
    },
    {
      "mode": "managed",
      "type": "aws_iam_policy",
      "name": "cloudwatch_policy",
      "provider": "provider[\"registry.terraform.io/hashicorp/aws\"]",
      "instances": [
        {
          "schema_version": 0,
          "attributes": {
            "arn": "arn:aws:iam::767397913254:policy/s3-policy-process_lambda20240221121022307100000002",
            "description": "",
            "id": "arn:aws:iam::767397913254:policy/s3-policy-process_lambda20240221121022307100000002",
            "name": "s3-policy-process_lambda20240221121022307100000002",
            "name_prefix": "s3-policy-process_lambda",
            "path": "/",
            "policy": "{\"Statement\":[{\"Action\":\"logs:CreateLogGroup\",\"Effect\":\"Allow\",\"Resource\":\"arn:aws:logs:eu-west-2:767397913254:*\"},{\"Action\":[\"logs:PutLogEvents\",\"logs:CreateLogStream\"],\"Effect\":\"Allow\",\"Resource\":\"arn:aws:logs:eu-west-2:767397913254:log-group:/aws/lambda/process_lambda:*\"}],\"Version\":\"2012-10-17\"}",
            "policy_id": "ANPA3FLD24KTJH5Q4VWZW",
            "tags": {},
            "tags_all": {}
          },
          "sensitive_attributes": [],
          "private": "bnVsbA==",
          "dependencies": [
            "data.aws_caller_identity.current",
            "data.aws_iam_policy_document.cloudwatch_create",
            "data.aws_region.current"
          ]
        }
      ]
    },
    {
      "mode": "managed",
      "type": "aws_iam_policy",
      "name": "s3_tran_get_policy",
      "provider": "provider[\"registry.terraform.io/hashicorp/aws\"]",
      "instances": [
        {
          "schema_version": 0,
          "attributes": {
            "arn": "arn:aws:iam::767397913254:policy/s3-tran_get_policy-process_lambda20240221121023725400000007",
            "description": "",
            "id": "arn:aws:iam::767397913254:policy/s3-tran_get_policy-process_lambda20240221121023725400000007",
            "name": "s3-tran_get_policy-process_lambda20240221121023725400000007",
            "name_prefix": "s3-tran_get_policy-process_lambda",
            "path": "/",
            "policy": "{\"Statement\":[{\"Action\":\"s3:GetObject\",\"Effect\":\"Allow\",\"Resource\":\"arn:aws:s3:::processed-bucket-20240221121022326600000005/*\"}],\"Version\":\"2012-10-17\"}",
            "policy_id": "ANPA3FLD24KTMKX5T6G3G",
            "tags": {},
            "tags_all": {}
          },
          "sensitive_attributes": [],
          "private": "bnVsbA==",
          "dependencies": [
            "aws_s3_bucket.processed_bucket",
            "data.aws_iam_policy_document.s3_get_document"
          ]
        }
      ]
    },
    {
      "mode": "managed",
      "type": "aws_iam_policy",
      "name": "s3_tran_put_policy",
      "provider": "provider[\"registry.terraform.io/hashicorp/aws\"]",
      "instances": [
        {
          "schema_version": 0,
          "attributes": {
            "arn": "arn:aws:iam::767397913254:policy/s3-tran_put_policy-process_lambda20240221121023726400000008",
            "description": "",
            "id": "arn:aws:iam::767397913254:policy/s3-tran_put_policy-process_lambda20240221121023726400000008",
            "name": "s3-tran_put_policy-process_lambda20240221121023726400000008",
            "name_prefix": "s3-tran_put_policy-process_lambda",
            "path": "/",
            "policy": "{\"Statement\":[{\"Action\":[\"s3:PutObjectAcl\",\"s3:PutObject\"],\"Effect\":\"Allow\",\"Resource\":\"arn:aws:s3:::processed-bucket-20240221121022326600000005/*\"}],\"Version\":\"2012-10-17\"}",
            "policy_id": "ANPA3FLD24KTBWC7GWRCZ",
            "tags": {},
            "tags_all": {}
          },
          "sensitive_attributes": [],
          "private": "bnVsbA==",
          "dependencies": [
            "aws_s3_bucket.processed_bucket",
            "data.aws_iam_policy_document.s3_document_put"
          ]
        }
      ]
    },
    {
      "mode": "managed",
      "type": "aws_iam_policy",
      "name": "secretmanager_get_secret",
      "provider": "provider[\"registry.terraform.io/hashicorp/aws\"]",
      "instances": [
        {
          "schema_version": 0,
          "attributes": {
            "arn": "arn:aws:iam::767397913254:policy/secretmanger-get-secret-policy-20240221121252080200000003",
            "description": "",
            "id": "arn:aws:iam::767397913254:policy/secretmanger-get-secret-policy-20240221121252080200000003",
            "name": "secretmanger-get-secret-policy-20240221121252080200000003",
            "name_prefix": "secretmanger-get-secret-policy-",
            "path": "/",
            "policy": "{\"Statement\":[{\"Action\":\"secretsmanager:GetSecretValue\",\"Effect\":\"Allow\",\"Resource\":[\"arn:aws:secretsmanager:eu-west-2:767397913254:secret:processed_bucket2-hgPU4M\",\"arn:aws:secretsmanager:eu-west-2:767397913254:secret:database_creds_test-3hAvo8\"]}],\"Version\":\"2012-10-17\"}",
            "policy_id": "ANPA3FLD24KTLEW2W3ZPG",
            "tags": {},
            "tags_all": {}
          },
          "sensitive_attributes": [],
          "private": "bnVsbA==",
          "dependencies": [
            "aws_secretsmanager_secret.processed_bucket2",
            "data.aws_iam_policy_document.secretmanager_get_secret_policy"
          ]
        }
      ]
    },
    {
      "mode": "managed",
      "type": "aws_iam_role",
      "name": "lambda_process_role",
      "provider": "provider[\"registry.terraform.io/hashicorp/aws\"]",
      "instances": [
        {
          "schema_version": 0,
          "attributes": {
            "arn": "arn:aws:iam::767397913254:role/lambda-role-tran-20240221121022307400000003",
            "assume_role_policy": "{\"Statement\":[{\"Action\":[\"sts:AssumeRole\"],\"Effect\":\"Allow\",\"Principal\":{\"Service\":[\"lambda.amazonaws.com\"]}}],\"Version\":\"2012-10-17\"}",
            "create_date": "2024-02-21T12:10:23Z",
            "description": "",
            "force_detach_policies": false,
            "id": "lambda-role-tran-20240221121022307400000003",
            "inline_policy": [],
            "managed_policy_arns": [
              "arn:aws:iam::767397913254:policy/s3-policy-process_lambda20240221121022307100000002",
              "arn:aws:iam::767397913254:policy/s3-tran_get_policy-process_lambda20240221121023725400000007",
              "arn:aws:iam::767397913254:policy/s3-tran_put_policy-process_lambda20240221121023726400000008",
              "arn:aws:iam::767397913254:policy/secretmanger-get-secret-policy-20240221121252080200000003"
            ],
            "max_session_duration": 3600,
            "name": "lambda-role-tran-20240221121022307400000003",
            "name_prefix": "lambda-role-tran-",
            "path": "/",
            "permissions_boundary": "",
            "tags": {},
            "tags_all": {},
            "unique_id": "AROA3FLD24KTPGTVOO5KK"
          },
          "sensitive_attributes": [],
          "private": "bnVsbA=="
        }
      ]
    },
    {
      "mode": "managed",
      "type": "aws_iam_role_policy_attachment",
      "name": "lambda_tran_cw_attachment",
      "provider": "provider[\"registry.terraform.io/hashicorp/aws\"]",
      "instances": [
        {
          "schema_version": 0,
          "attributes": {
            "id": "lambda-role-tran-20240221121022307400000003-20240221121023442600000006",
            "policy_arn": "arn:aws:iam::767397913254:policy/s3-policy-process_lambda20240221121022307100000002",
            "role": "lambda-role-tran-20240221121022307400000003"
          },
          "sensitive_attributes": [],
          "private": "bnVsbA==",
          "dependencies": [
            "aws_iam_policy.cloudwatch_policy",
            "aws_iam_role.lambda_process_role",
            "data.aws_caller_identity.current",
            "data.aws_iam_policy_document.cloudwatch_create",
            "data.aws_region.current"
          ]
        }
      ]
    },
    {
      "mode": "managed",
      "type": "aws_iam_role_policy_attachment",
      "name": "s3_get_attachment",
      "provider": "provider[\"registry.terraform.io/hashicorp/aws\"]",
      "instances": [
        {
          "schema_version": 0,
          "attributes": {
            "id": "lambda-role-tran-20240221121022307400000003-2024022112102437540000000a",
            "policy_arn": "arn:aws:iam::767397913254:policy/s3-tran_get_policy-process_lambda20240221121023725400000007",
            "role": "lambda-role-tran-20240221121022307400000003"
          },
          "sensitive_attributes": [],
          "private": "bnVsbA==",
          "dependencies": [
            "aws_iam_policy.s3_tran_get_policy",
            "aws_iam_role.lambda_process_role",
            "aws_s3_bucket.processed_bucket",
            "data.aws_iam_policy_document.s3_get_document"
          ]
        }
      ]
    },
    {
      "mode": "managed",
      "type": "aws_iam_role_policy_attachment",
      "name": "s3_put_attachment",
      "provider": "provider[\"registry.terraform.io/hashicorp/aws\"]",
      "instances": [
        {
          "schema_version": 0,
          "attributes": {
            "id": "lambda-role-tran-20240221121022307400000003-20240221121024341000000009",
            "policy_arn": "arn:aws:iam::767397913254:policy/s3-tran_put_policy-process_lambda20240221121023726400000008",
            "role": "lambda-role-tran-20240221121022307400000003"
          },
          "sensitive_attributes": [],
          "private": "bnVsbA==",
          "dependencies": [
            "aws_iam_policy.s3_tran_put_policy",
            "aws_iam_role.lambda_process_role",
            "aws_s3_bucket.processed_bucket",
            "data.aws_iam_policy_document.s3_document_put"
          ]
        }
      ]
    },
    {
      "mode": "managed",
      "type": "aws_iam_role_policy_attachment",
      "name": "secretmanager_get_secret_attachment",
      "provider": "provider[\"registry.terraform.io/hashicorp/aws\"]",
      "instances": [
        {
          "schema_version": 0,
          "attributes": {
            "id": "lambda-role-tran-20240221121022307400000003-20240221121253042500000004",
            "policy_arn": "arn:aws:iam::767397913254:policy/secretmanger-get-secret-policy-20240221121252080200000003",
            "role": "lambda-role-tran-20240221121022307400000003"
          },
          "sensitive_attributes": [],
          "private": "bnVsbA==",
          "dependencies": [
            "aws_iam_policy.secretmanager_get_secret",
            "aws_iam_role.lambda_process_role",
            "aws_secretsmanager_secret.processed_bucket2",
            "data.aws_iam_policy_document.secretmanager_get_secret_policy"
          ]
        }
      ]
    },
    {
      "mode": "managed",
      "type": "aws_lambda_function",
      "name": "process_lambda",
      "provider": "provider[\"registry.terraform.io/hashicorp/aws\"]",
      "instances": [
        {
          "schema_version": 0,
          "attributes": {
            "architectures": [
              "x86_64"
            ],
            "arn": "arn:aws:lambda:eu-west-2:767397913254:function:process_lambda",
            "code_signing_config_arn": "",
            "dead_letter_config": [],
            "description": "",
            "environment": [],
            "ephemeral_storage": [
              {
                "size": 512
              }
            ],
            "file_system_config": [],
            "filename": "../../../dummy_function/event.zip",
            "function_name": "process_lambda",
            "handler": "event.lambda_handler",
            "id": "process_lambda",
            "image_config": [],
            "image_uri": "",
            "invoke_arn": "arn:aws:apigateway:eu-west-2:lambda:path/2015-03-31/functions/arn:aws:lambda:eu-west-2:767397913254:function:process_lambda/invocations",
            "kms_key_arn": "",
            "last_modified": "2024-02-21T12:15:16.829+0000",
            "layers": [],
            "logging_config": [
              {
                "application_log_level": "",
                "log_format": "Text",
                "log_group": "/aws/lambda/process_lambda",
                "system_log_level": ""
              }
            ],
            "memory_size": 128,
            "package_type": "Zip",
            "publish": false,
            "qualified_arn": "arn:aws:lambda:eu-west-2:767397913254:function:process_lambda:$LATEST",
            "qualified_invoke_arn": "arn:aws:apigateway:eu-west-2:lambda:path/2015-03-31/functions/arn:aws:lambda:eu-west-2:767397913254:function:process_lambda:$LATEST/invocations",
            "replace_security_groups_on_destroy": null,
            "replacement_security_group_ids": null,
            "reserved_concurrent_executions": -1,
            "role": "arn:aws:iam::767397913254:role/lambda-role-tran-20240221121022307400000003",
            "runtime": "python3.11",
            "s3_bucket": null,
            "s3_key": null,
            "s3_object_version": null,
            "signing_job_arn": "",
            "signing_profile_version_arn": "",
            "skip_destroy": false,
            "snap_start": [],
            "source_code_hash": "9u/kQs639nfgXHORyYCrRrQiuGVIsxMXuTdBsIgHkiI=",
            "source_code_size": 214,
            "tags": {},
            "tags_all": {},
            "timeout": 30,
            "timeouts": null,
            "tracing_config": [
              {
                "mode": "PassThrough"
              }
            ],
            "version": "$LATEST",
            "vpc_config": []
          },
          "sensitive_attributes": [],
          "private": "eyJlMmJmYjczMC1lY2FhLTExZTYtOGY4OC0zNDM2M2JjN2M0YzAiOnsiY3JlYXRlIjo2MDAwMDAwMDAwMDAsImRlbGV0ZSI6NjAwMDAwMDAwMDAwLCJ1cGRhdGUiOjYwMDAwMDAwMDAwMH19",
          "dependencies": [
            "aws_iam_role.lambda_process_role",
            "aws_s3_bucket.code_bucket-processed",
            "aws_s3_object.process_lambda_code"
          ]
        }
      ]
    },
    {
      "mode": "managed",
      "type": "aws_lambda_permission",
      "name": "allow_s3",
      "provider": "provider[\"registry.terraform.io/hashicorp/aws\"]",
      "instances": [
        {
          "schema_version": 0,
          "attributes": {
            "action": "lambda:InvokeFunction",
            "event_source_token": "",
            "function_name": "process_lambda",
            "function_url_auth_type": "",
            "id": "terraform-20240221125225516700000001",
            "principal": "s3.amazonaws.com",
            "principal_org_id": "",
            "qualifier": "",
            "source_account": "767397913254",
            "source_arn": "arn:aws:s3:::ingested-bucket-20240220192448927000000006",
            "statement_id": "terraform-20240221125225516700000001",
            "statement_id_prefix": "terraform-"
          },
          "sensitive_attributes": [],
          "private": "bnVsbA==",
          "dependencies": [
            "aws_iam_role.lambda_process_role",
            "aws_lambda_function.process_lambda",
            "aws_s3_bucket.code_bucket-processed",
            "aws_s3_object.process_lambda_code",
            "data.aws_caller_identity.current"
          ]
        }
      ]
    },
    {
      "mode": "managed",
      "type": "aws_s3_bucket",
      "name": "code_bucket-processed",
      "provider": "provider[\"registry.terraform.io/hashicorp/aws\"]",
      "instances": [
        {
          "schema_version": 0,
          "attributes": {
            "acceleration_status": "",
            "acl": null,
            "arn": "arn:aws:s3:::processed-bucket-code-20240221121022323200000004",
            "bucket": "processed-bucket-code-20240221121022323200000004",
            "bucket_domain_name": "processed-bucket-code-20240221121022323200000004.s3.amazonaws.com",
            "bucket_prefix": "processed-bucket-code-",
            "bucket_regional_domain_name": "processed-bucket-code-20240221121022323200000004.s3.eu-west-2.amazonaws.com",
            "cors_rule": [],
            "force_destroy": false,
            "grant": [
              {
                "id": "8bff18d3ad3a91ba56cbf4808a3158331997164870c5b1a0df762cd0c4e9bc02",
                "permissions": [
                  "FULL_CONTROL"
                ],
                "type": "CanonicalUser",
                "uri": ""
              }
            ],
            "hosted_zone_id": "Z3GKZC51ZF0DB4",
            "id": "processed-bucket-code-20240221121022323200000004",
            "lifecycle_rule": [],
            "logging": [],
            "object_lock_configuration": [],
            "object_lock_enabled": false,
            "policy": "",
            "region": "eu-west-2",
            "replication_configuration": [],
            "request_payer": "BucketOwner",
            "server_side_encryption_configuration": [
              {
                "rule": [
                  {
                    "apply_server_side_encryption_by_default": [
                      {
                        "kms_master_key_id": "",
                        "sse_algorithm": "AES256"
                      }
                    ],
                    "bucket_key_enabled": false
                  }
                ]
              }
            ],
            "tags": {},
            "tags_all": {},
            "timeouts": null,
            "versioning": [
              {
                "enabled": false,
                "mfa_delete": false
              }
            ],
            "website": [],
            "website_domain": null,
            "website_endpoint": null
          },
          "sensitive_attributes": [],
          "private": "eyJlMmJmYjczMC1lY2FhLTExZTYtOGY4OC0zNDM2M2JjN2M0YzAiOnsiY3JlYXRlIjoxMjAwMDAwMDAwMDAwLCJkZWxldGUiOjM2MDAwMDAwMDAwMDAsInJlYWQiOjEyMDAwMDAwMDAwMDAsInVwZGF0ZSI6MTIwMDAwMDAwMDAwMH19"
        }
      ]
    },
    {
      "mode": "managed",
      "type": "aws_s3_bucket",
      "name": "processed_bucket",
      "provider": "provider[\"registry.terraform.io/hashicorp/aws\"]",
      "instances": [
        {
          "schema_version": 0,
          "attributes": {
            "acceleration_status": "",
            "acl": null,
            "arn": "arn:aws:s3:::processed-bucket-20240221121022326600000005",
            "bucket": "processed-bucket-20240221121022326600000005",
            "bucket_domain_name": "processed-bucket-20240221121022326600000005.s3.amazonaws.com",
            "bucket_prefix": "processed-bucket-",
            "bucket_regional_domain_name": "processed-bucket-20240221121022326600000005.s3.eu-west-2.amazonaws.com",
            "cors_rule": [],
            "force_destroy": false,
            "grant": [
              {
                "id": "8bff18d3ad3a91ba56cbf4808a3158331997164870c5b1a0df762cd0c4e9bc02",
                "permissions": [
                  "FULL_CONTROL"
                ],
                "type": "CanonicalUser",
                "uri": ""
              }
            ],
            "hosted_zone_id": "Z3GKZC51ZF0DB4",
            "id": "processed-bucket-20240221121022326600000005",
            "lifecycle_rule": [],
            "logging": [],
            "object_lock_configuration": [],
            "object_lock_enabled": false,
            "policy": "",
            "region": "eu-west-2",
            "replication_configuration": [],
            "request_payer": "BucketOwner",
            "server_side_encryption_configuration": [
              {
                "rule": [
                  {
                    "apply_server_side_encryption_by_default": [
                      {
                        "kms_master_key_id": "",
                        "sse_algorithm": "AES256"
                      }
                    ],
                    "bucket_key_enabled": false
                  }
                ]
              }
            ],
            "tags": {},
            "tags_all": {},
            "timeouts": null,
            "versioning": [
              {
                "enabled": false,
                "mfa_delete": false
              }
            ],
            "website": [],
            "website_domain": null,
            "website_endpoint": null
          },
          "sensitive_attributes": [],
          "private": "eyJlMmJmYjczMC1lY2FhLTExZTYtOGY4OC0zNDM2M2JjN2M0YzAiOnsiY3JlYXRlIjoxMjAwMDAwMDAwMDAwLCJkZWxldGUiOjM2MDAwMDAwMDAwMDAsInJlYWQiOjEyMDAwMDAwMDAwMDAsInVwZGF0ZSI6MTIwMDAwMDAwMDAwMH19"
        }
      ]
    },
    {
      "mode": "managed",
      "type": "aws_s3_bucket_notification",
      "name": "bucket_notification",
      "provider": "provider[\"registry.terraform.io/hashicorp/aws\"]",
      "instances": [
        {
          "schema_version": 0,
          "attributes": {
            "bucket": "ingested-bucket-20240220192448927000000006",
            "eventbridge": false,
            "id": "ingested-bucket-20240220192448927000000006",
            "lambda_function": [
              {
                "events": [
                  "s3:ObjectCreated:*"
                ],
                "filter_prefix": "",
                "filter_suffix": "",
                "id": "tf-s3-lambda-20240221125225644700000002",
                "lambda_function_arn": "arn:aws:lambda:eu-west-2:767397913254:function:process_lambda"
              }
            ],
            "queue": [],
            "topic": []
          },
          "sensitive_attributes": [],
          "private": "bnVsbA==",
          "dependencies": [
            "aws_iam_role.lambda_process_role",
            "aws_lambda_function.process_lambda",
            "aws_lambda_permission.allow_s3",
            "aws_s3_bucket.code_bucket-processed",
            "aws_s3_object.process_lambda_code",
            "data.aws_caller_identity.current",
            "data.aws_s3_bucket.ingested_bucket"
          ]
        }
      ]
    },
    {
      "mode": "managed",
      "type": "aws_s3_object",
      "name": "process_lambda_code",
      "provider": "provider[\"registry.terraform.io/hashicorp/aws\"]",
      "instances": [
        {
          "schema_version": 0,
          "attributes": {
            "acl": null,
            "bucket": "processed-bucket-code-20240221121022323200000004",
            "bucket_key_enabled": false,
            "cache_control": "",
            "checksum_algorithm": null,
            "checksum_crc32": "",
            "checksum_crc32c": "",
            "checksum_sha1": "",
            "checksum_sha256": "",
            "content": null,
            "content_base64": null,
            "content_disposition": "",
            "content_encoding": "",
            "content_language": "",
            "content_type": "application/octet-stream",
            "etag": "c33473b3f92cf263f6cfba3bb7068f5d",
            "force_destroy": false,
            "id": "lambda_code/process_lambda.zip",
            "key": "lambda_code/process_lambda.zip",
            "kms_key_id": null,
            "metadata": {},
            "object_lock_legal_hold_status": "",
            "object_lock_mode": "",
            "object_lock_retain_until_date": "",
            "override_provider": [],
            "server_side_encryption": "AES256",
            "source": "../../../dummy_function/event.zip",
            "source_hash": null,
            "storage_class": "STANDARD",
            "tags": {},
            "tags_all": {},
            "version_id": "",
            "website_redirect": ""
          },
          "sensitive_attributes": [],
          "private": "bnVsbA==",
          "dependencies": [
            "aws_s3_bucket.code_bucket-processed"
          ]
        }
      ]
    },
    {
      "mode": "managed",
      "type": "aws_secretsmanager_secret",
      "name": "processed_bucket2",
      "provider": "provider[\"registry.terraform.io/hashicorp/aws\"]",
      "instances": [
        {
          "schema_version": 0,
          "attributes": {
            "arn": "arn:aws:secretsmanager:eu-west-2:767397913254:secret:processed_bucket2-hgPU4M",
            "description": "",
            "force_overwrite_replica_secret": false,
            "id": "arn:aws:secretsmanager:eu-west-2:767397913254:secret:processed_bucket2-hgPU4M",
            "kms_key_id": "",
            "name": "processed_bucket2",
            "name_prefix": "",
            "policy": "",
            "recovery_window_in_days": 0,
            "replica": [],
            "tags": {},
            "tags_all": {}
          },
          "sensitive_attributes": [],
          "private": "bnVsbA=="
        }
      ]
    },
    {
      "mode": "managed",
      "type": "aws_secretsmanager_secret_version",
      "name": "processed_bucket_values",
      "provider": "provider[\"registry.terraform.io/hashicorp/aws\"]",
      "instances": [
        {
          "schema_version": 0,
          "attributes": {
            "arn": "arn:aws:secretsmanager:eu-west-2:767397913254:secret:processed_bucket2-hgPU4M",
            "id": "arn:aws:secretsmanager:eu-west-2:767397913254:secret:processed_bucket2-hgPU4M|terraform-20240221121252052000000002",
            "secret_binary": "",
            "secret_id": "arn:aws:secretsmanager:eu-west-2:767397913254:secret:processed_bucket2-hgPU4M",
            "secret_string": "processed-bucket-20240221121022326600000005",
            "version_id": "terraform-20240221121252052000000002",
            "version_stages": [
              "AWSCURRENT"
            ]
          },
          "sensitive_attributes": [],
          "private": "bnVsbA==",
          "dependencies": [
            "aws_s3_bucket.processed_bucket",
            "aws_secretsmanager_secret.processed_bucket2"
          ]
        }
      ]
    }
  ],
  "check_results": null
}
